
Microsoft Visual Studio Solution File, Format Version 12.00
# Visual Studio Version 17
VisualStudioVersion = 17.14.37411.7 d17.14
MinimumVisualStudioVersion = 10.0.40219.1
Project("{8BC9CEB8-8B4A-11D0-8D11-00A0C91BC942}") = "project4", "project4.vcxproj", "{D0FB5A46-84C4-4B2B-86A8-6E2CF5D36A3F}"
EndProject
Global
	GlobalSection(SolutionConfigurationPlatforms) = preSolution
		Debug|x64 = Debug|x64
		Debug|x86 = Debug|x86
		Release|x64 = Release|x64
		Release|x86 = Release|x86
	EndGlobalSection
	GlobalSection(ProjectConfigurationPlatforms) = postSolution
		{D0FB5A46-84C4-4B2B-86A8-6E2CF5D36A3F}.Debug|x64.ActiveCfg = Debug|x64
		{D0FB5A46-84C4-4B2B-86A8-6E2CF5D36A3F}.Debug|x64.Build.0 = Debug|x64
		{D0FB5A46-84C4-4B2B-86A8-6E2CF5D36A3F}.Debug|x86.ActiveCfg = Debug|Win32
		{D0FB5A46-84C4-4B2B-86A8-6E2CF5D36A3F}.Debug|x86.Build.0 = Debug|Win32
		{D0FB5A46-84C4-4B2B-86A8-6E2CF5D36A3F}.Release|x64.ActiveCfg = Release|x64
		{D0FB5A46-84C4-4B2B-86A8-6E2CF5D36A3F}.Release|x64.Build.0 = Release|x64
		{D0FB5A46-84C4-4B2B-86A8-6E2CF5D36A3F}.Release|x86.ActiveCfg = Release|Win32
		{D0FB5A46-84C4-4B2B-86A8-6E2CF5D36A3F}.Release|x86.Build.0 = Release|Win32
	EndGlobalSection
	GlobalSection(SolutionProperties) = preSolution
		HideSolutionNode = FALSE
	EndGlobalSection
	GlobalSection(ExtensibilityGlobals) = postSolution
		SolutionGuid = {75EDECD7-1425-4F91-9DCA-F9E05639CFF1}
	EndGlobalSection
EndGlobal
